<?xml version="1.0" encoding="utf-8"?>
<Project ToolsVersion="4.0" xmlns="http://schemas.microsoft.com/developer/msbuild/2003">
  <ItemGroup>
    <ClInclude Include="$(MSBuildThisFileDirectory)SnakeMain.h" />
    <ClInclude Include="$(MSBuildThisFileDirectory)pch.h" />
    <ClInclude Include="$(MSBuildThisFileDirectory)Common\DirectXHelper.h">
      <Filter>Common</Filter>
    </ClInclude>
    <ClInclude Include="$(MSBuildThisFileDirectory)Common\StepTimer.h">
      <Filter>Common</Filter>
    </ClInclude>
    <ClInclude Include="$(MSBuildThisFileDirectory)Common\DeviceResources.h">
      <Filter>Common</Filter>
    </ClInclude>
    <ClInclude Include="$(MSBuildThisFileDirectory)Content\Sample3DSceneRenderer.h">
      <Filter>Content</Filter>
    </ClInclude>
    <ClInclude Include="$(MSBuildThisFileDirectory)Content\SampleFpsTextRenderer.h">
      <Filter>Content</Filter>
    </ClInclude>
    <ClInclude Include="$(MSBuildThisFileDirectory)Common\WICTextureLoader.h">
      <Filter>Common</Filter>
    </ClInclude>
  </ItemGroup>
  <ItemGroup>
    <ClCompile Include="$(MSBuildThisFileDirectory)SnakeMain.cpp" />
    <ClCompile Include="$(MSBuildThisFileDirectory)pch.cpp" />
    <ClCompile Include="$(MSBuildThisFileDirectory)Common\DeviceResources.cpp">
      <Filter>Common</Filter>
    </ClCompile>
    <ClCompile Include="$(MSBuildThisFileDirectory)Content\Sample3DSceneRenderer.cpp">
      <Filter>Content</Filter>
    </ClCompile>
    <ClCompile Include="$(MSBuildThisFileDirectory)Content\SampleFpsTextRenderer.cpp">
      <Filter>Content</Filter>
    </ClCompile>
    <ClCompile Include="$(MSBuildThisFileDirectory)Common\WICTextureLoader.cpp">
      <Filter>Common</Filter>
    </ClCompile>
  </ItemGroup>
  <ItemGroup>
    <FxCompile Include="$(MSBuildThisFileDirectory)Content\SamplePixelShader.hlsl">
      <Filter>Content</Filter>
    </FxCompile>
    <FxCompile Include="$(MSBuildThisFileDirectory)Content\SampleVertexShader.hlsl">
      <Filter>Content</Filter>
    </FxCompile>
    <FxCompile Include="$(MSBuildThisFileDirectory)FoodVertexShader.hlsl">
      <Filter>Content</Filter>
    </FxCompile>
    <FxCompile Include="$(MSBuildThisFileDirectory)FoodPixelShader.hlsl">
      <Filter>Content</Filter>
    </FxCompile>
  </ItemGroup>
  <ItemGroup>
    <Filter Include="Common">
      <UniqueIdentifier>{9e6d784d-4b7b-4edc-aeb4-0d5f70f9050e}</UniqueIdentifier>
    </Filter>
    <Filter Include="Content">
      <UniqueIdentifier>{1d211906-70cc-4e74-a4fd-15334e7b64cb}</UniqueIdentifier>
    </Filter>
  </ItemGroup>
  <ItemGroup>
    <Image Include="$(MSBuildThisFileDirectory)head.jpg" />
  </ItemGroup>
</Project>