<?xml version="1.0" encoding="utf-8"?>
<Project ToolsVersion="4.0" xmlns="http://schemas.microsoft.com/developer/msbuild/2003">
  <ItemGroup>
    <ClInclude Include="$(MSBuildThisFileDirectory)SnakeMain.h" />
    <ClInclude Include="$(MSBuildThisFileDirectory)pch.h" />
    <ClInclude Include="$(MSBuildThisFileDirectory)Common\DirectXHelper.h">
      <Filter>Common</Filter>
    </ClInclude>
    <ClInclude Include="$(MSBuildThisFileDirectory)Common\StepTimer.h">
      <Filter>Common</Filter>
    </ClInclude>
    <ClInclude Include="$(MSBuildThisFileDirectory)Common\DeviceResources.h">
      <Filter>Common</Filter>
    </ClInclude>
    <ClInclude Include="$(MSBuildThisFileDirectory)Content\Sample3DSceneRenderer.h">
      <Filter>Content</Filter>
    </ClInclude>
    <ClInclude Include="$(MSBuildThisFileDirectory)Content\SampleFpsTextRenderer.h">
      <Filter>Content</Filter>
    </ClInclude>
    <ClInclude Include="$(MSBuildThisFileDirectory)Common\WICTextureLoader.h">
      <Filter>Common</Filter>
    </ClInclude>
    <ClInclude Include="$(MSBuildThisFileDirectory)Common\dds.h" />
    <ClInclude Include="$(MSBuildThisFileDirectory)Common\DDSTextureLoader.h" />
    <ClInclude Include="$(MSBuildThisFileDirectory)Common\LoadCMOModel.h" />
    <ClInclude Include="$(MSBuildThisFileDirectory)Content\ShaderStructures.h" />
    <ClInclude Include="$(MSBuildThisFileDirectory)SnakeNode.h">
      <Filter>SnakeStructs</Filter>
    </ClInclude>
    <ClInclude Include="$(MSBuildThisFileDirectory)BaseMath.h">
      <Filter>SnakeStructs</Filter>
    </ClInclude>
    <ClInclude Include="$(MSBuildThisFileDirectory)SnakeBase.h">
      <Filter>SnakeStructs</Filter>
    </ClInclude>
    <ClInclude Include="$(MSBuildThisFileDirectory)PathFinding.h">
      <Filter>PathFinding</Filter>
    </ClInclude>
  </ItemGroup>
  <ItemGroup>
    <ClCompile Include="$(MSBuildThisFileDirectory)SnakeMain.cpp" />
    <ClCompile Include="$(MSBuildThisFileDirectory)pch.cpp" />
    <ClCompile Include="$(MSBuildThisFileDirectory)Common\DeviceResources.cpp">
      <Filter>Common</Filter>
    </ClCompile>
    <ClCompile Include="$(MSBuildThisFileDirectory)Content\Sample3DSceneRenderer.cpp">
      <Filter>Content</Filter>
    </ClCompile>
    <ClCompile Include="$(MSBuildThisFileDirectory)Content\SampleFpsTextRenderer.cpp">
      <Filter>Content</Filter>
    </ClCompile>
    <ClCompile Include="$(MSBuildThisFileDirectory)Common\WICTextureLoader.cpp">
      <Filter>Common</Filter>
    </ClCompile>
    <ClCompile Include="$(MSBuildThisFileDirectory)Common\DDSTextureLoader.cpp" />
    <ClCompile Include="$(MSBuildThisFileDirectory)Common\LoadCMOModel.cpp" />
    <ClCompile Include="$(MSBuildThisFileDirectory)SnakeNode.cpp">
      <Filter>SnakeStructs</Filter>
    </ClCompile>
    <ClCompile Include="$(MSBuildThisFileDirectory)SnakeBase.cpp">
      <Filter>SnakeStructs</Filter>
    </ClCompile>
    <ClCompile Include="$(MSBuildThisFileDirectory)PathFinding.cpp">
      <Filter>PathFinding</Filter>
    </ClCompile>
  </ItemGroup>
  <ItemGroup>
    <FxCompile Include="$(MSBuildThisFileDirectory)Content\SamplePixelShader.hlsl">
      <Filter>Content</Filter>
    </FxCompile>
    <FxCompile Include="$(MSBuildThisFileDirectory)Content\SampleVertexShader.hlsl">
      <Filter>Content</Filter>
    </FxCompile>
    <FxCompile Include="$(MSBuildThisFileDirectory)Content\TexturePixelShader.hlsl" />
    <FxCompile Include="$(MSBuildThisFileDirectory)Content\TextureVertexShader.hlsl" />
    <FxCompile Include="$(MSBuildThisFileDirectory)Content\NormalPixelShader.hlsl">
      <Filter>Content</Filter>
    </FxCompile>
    <FxCompile Include="$(MSBuildThisFileDirectory)Content\NormalVertexShader.hlsl">
      <Filter>Content</Filter>
    </FxCompile>
  </ItemGroup>
  <ItemGroup>
    <Filter Include="Common">
      <UniqueIdentifier>{9e6d784d-4b7b-4edc-aeb4-0d5f70f9050e}</UniqueIdentifier>
    </Filter>
    <Filter Include="Content">
      <UniqueIdentifier>{1d211906-70cc-4e74-a4fd-15334e7b64cb}</UniqueIdentifier>
    </Filter>
    <Filter Include="SnakeStructs">
      <UniqueIdentifier>{6a3d3f61-8674-4b60-98ee-3d74e8ca1269}</UniqueIdentifier>
    </Filter>
    <Filter Include="PathFinding">
      <UniqueIdentifier>{f2d6d08a-69e9-4273-b643-305bcbacfcfc}</UniqueIdentifier>
    </Filter>
  </ItemGroup>
  <ItemGroup>
    <Image Include="$(MSBuildThisFileDirectory)head.jpg" />
    <Image Include="$(MSBuildThisFileDirectory)snake_body.jpg" />
    <Image Include="$(MSBuildThisFileDirectory)texture.jpg" />
    <Image Include="$(MSBuildThisFileDirectory)wall.jpg" />
  </ItemGroup>
  <ItemGroup>
    <None Include="$(MSBuildThisFileDirectory)SnakeBody.FBX" />
    <None Include="$(MSBuildThisFileDirectory)wall.FBX" />
    <None Include="$(MSBuildThisFileDirectory)FoodModel.FBX" />
    <None Include="$(MSBuildThisFileDirectory)CrateModel.FBX" />
  </ItemGroup>
</Project>